
Microsoft Visual Studio Solution File, Format Version 12.00
# Visual Studio Version 17
VisualStudioVersion = 17.0.31919.166
MinimumVisualStudioVersion = 10.0.40219.1
Project("{FAE04EC0-301F-11D3-BF4B-00C04F79EFBC}") = "DaphneCounter.Android", "DaphneCounter.Android\DaphneCounter.Android.csproj", "{644F537D-C180-47A3-85D3-5D1DB70647E8}"
EndProject
Project("{FAE04EC0-301F-11D3-BF4B-00C04F79EFBC}") = "DaphneCounter.iOS", "DaphneCounter.iOS\DaphneCounter.iOS.csproj", "{AA523712-5BB3-483A-80B3-B43F04F179ED}"
EndProject
Project("{FAE04EC0-301F-11D3-BF4B-00C04F79EFBC}") = "DaphneCounter", "DaphneCounter\DaphneCounter.csproj", "{AADF6424-0B12-49A1-B8C5-8219544F04EB}"
EndProject
Global
	GlobalSection(SolutionConfigurationPlatforms) = preSolution
		Debug|Any CPU = Debug|Any CPU
		Debug|iPhone = Debug|iPhone
		Debug|iPhoneSimulator = Debug|iPhoneSimulator
		Release|Any CPU = Release|Any CPU
		Release|iPhone = Release|iPhone
		Release|iPhoneSimulator = Release|iPhoneSimulator
	EndGlobalSection
	GlobalSection(ProjectConfigurationPlatforms) = postSolution
		{644F537D-C180-47A3-85D3-5D1DB70647E8}.Debug|Any CPU.ActiveCfg = Debug|Any CPU
		{644F537D-C180-47A3-85D3-5D1DB70647E8}.Debug|Any CPU.Build.0 = Debug|Any CPU
		{644F537D-C180-47A3-85D3-5D1DB70647E8}.Debug|Any CPU.Deploy.0 = Debug|Any CPU
		{644F537D-C180-47A3-85D3-5D1DB70647E8}.Debug|iPhone.ActiveCfg = Debug|Any CPU
		{644F537D-C180-47A3-85D3-5D1DB70647E8}.Debug|iPhone.Build.0 = Debug|Any CPU
		{644F537D-C180-47A3-85D3-5D1DB70647E8}.Debug|iPhone.Deploy.0 = Debug|Any CPU
		{644F537D-C180-47A3-85D3-5D1DB70647E8}.Debug|iPhoneSimulator.ActiveCfg = Debug|Any CPU
		{644F537D-C180-47A3-85D3-5D1DB70647E8}.Debug|iPhoneSimulator.Build.0 = Debug|Any CPU
		{644F537D-C180-47A3-85D3-5D1DB70647E8}.Debug|iPhoneSimulator.Deploy.0 = Debug|Any CPU
		{644F537D-C180-47A3-85D3-5D1DB70647E8}.Release|Any CPU.ActiveCfg = Release|Any CPU
		{644F537D-C180-47A3-85D3-5D1DB70647E8}.Release|Any CPU.Build.0 = Release|Any CPU
		{644F537D-C180-47A3-85D3-5D1DB70647E8}.Release|Any CPU.Deploy.0 = Release|Any CPU
		{644F537D-C180-47A3-85D3-5D1DB70647E8}.Release|iPhone.ActiveCfg = Release|Any CPU
		{644F537D-C180-47A3-85D3-5D1DB70647E8}.Release|iPhone.Build.0 = Release|Any CPU
		{644F537D-C180-47A3-85D3-5D1DB70647E8}.Release|iPhone.Deploy.0 = Release|Any CPU
		{644F537D-C180-47A3-85D3-5D1DB70647E8}.Release|iPhoneSimulator.ActiveCfg = Release|Any CPU
		{644F537D-C180-47A3-85D3-5D1DB70647E8}.Release|iPhoneSimulator.Build.0 = Release|Any CPU
		{644F537D-C180-47A3-85D3-5D1DB70647E8}.Release|iPhoneSimulator.Deploy.0 = Release|Any CPU
		{AA523712-5BB3-483A-80B3-B43F04F179ED}.Debug|Any CPU.ActiveCfg = Debug|iPhone
		{AA523712-5BB3-483A-80B3-B43F04F179ED}.Debug|Any CPU.Build.0 = Debug|iPhone
		{AA523712-5BB3-483A-80B3-B43F04F179ED}.Debug|Any CPU.Deploy.0 = Debug|iPhone
		{AA523712-5BB3-483A-80B3-B43F04F179ED}.Debug|iPhone.ActiveCfg = Debug|iPhone
		{AA523712-5BB3-483A-80B3-B43F04F179ED}.Debug|iPhone.Build.0 = Debug|iPhone
		{AA523712-5BB3-483A-80B3-B43F04F179ED}.Debug|iPhone.Deploy.0 = Debug|iPhone
		{AA523712-5BB3-483A-80B3-B43F04F179ED}.Debug|iPhoneSimulator.ActiveCfg = Debug|iPhoneSimulator
		{AA523712-5BB3-483A-80B3-B43F04F179ED}.Debug|iPhoneSimulator.Build.0 = Debug|iPhoneSimulator
		{AA523712-5BB3-483A-80B3-B43F04F179ED}.Debug|iPhoneSimulator.Deploy.0 = Debug|iPhoneSimulator
		{AA523712-5BB3-483A-80B3-B43F04F179ED}.Release|Any CPU.ActiveCfg = Release|iPhoneSimulator
		{AA523712-5BB3-483A-80B3-B43F04F179ED}.Release|Any CPU.Build.0 = Release|iPhoneSimulator
		{AA523712-5BB3-483A-80B3-B43F04F179ED}.Release|Any CPU.Deploy.0 = Release|iPhoneSimulator
		{AA523712-5BB3-483A-80B3-B43F04F179ED}.Release|iPhone.ActiveCfg = Release|iPhone
		{AA523712-5BB3-483A-80B3-B43F04F179ED}.Release|iPhone.Build.0 = Release|iPhone
		{AA523712-5BB3-483A-80B3-B43F04F179ED}.Release|iPhone.Deploy.0 = Release|iPhone
		{AA523712-5BB3-483A-80B3-B43F04F179ED}.Release|iPhoneSimulator.ActiveCfg = Release|iPhoneSimulator
		{AA523712-5BB3-483A-80B3-B43F04F179ED}.Release|iPhoneSimulator.Build.0 = Release|iPhoneSimulator
		{AA523712-5BB3-483A-80B3-B43F04F179ED}.Release|iPhoneSimulator.Deploy.0 = Release|iPhoneSimulator
		{AADF6424-0B12-49A1-B8C5-8219544F04EB}.Debug|Any CPU.ActiveCfg = Debug|Any CPU
		{AADF6424-0B12-49A1-B8C5-8219544F04EB}.Debug|Any CPU.Build.0 = Debug|Any CPU
		{AADF6424-0B12-49A1-B8C5-8219544F04EB}.Debug|Any CPU.Deploy.0 = Debug|Any CPU
		{AADF6424-0B12-49A1-B8C5-8219544F04EB}.Debug|iPhone.ActiveCfg = Debug|Any CPU
		{AADF6424-0B12-49A1-B8C5-8219544F04EB}.Debug|iPhone.Build.0 = Debug|Any CPU
		{AADF6424-0B12-49A1-B8C5-8219544F04EB}.Debug|iPhone.Deploy.0 = Debug|Any CPU
		{AADF6424-0B12-49A1-B8C5-8219544F04EB}.Debug|iPhoneSimulator.ActiveCfg = Debug|Any CPU
		{AADF6424-0B12-49A1-B8C5-8219544F04EB}.Debug|iPhoneSimulator.Build.0 = Debug|Any CPU
		{AADF6424-0B12-49A1-B8C5-8219544F04EB}.Debug|iPhoneSimulator.Deploy.0 = Debug|Any CPU
		{AADF6424-0B12-49A1-B8C5-8219544F04EB}.Release|Any CPU.ActiveCfg = Release|Any CPU
		{AADF6424-0B12-49A1-B8C5-8219544F04EB}.Release|Any CPU.Build.0 = Release|Any CPU
		{AADF6424-0B12-49A1-B8C5-8219544F04EB}.Release|Any CPU.Deploy.0 = Release|Any CPU
		{AADF6424-0B12-49A1-B8C5-8219544F04EB}.Release|iPhone.ActiveCfg = Release|Any CPU
		{AADF6424-0B12-49A1-B8C5-8219544F04EB}.Release|iPhone.Build.0 = Release|Any CPU
		{AADF6424-0B12-49A1-B8C5-8219544F04EB}.Release|iPhone.Deploy.0 = Release|Any CPU
		{AADF6424-0B12-49A1-B8C5-8219544F04EB}.Release|iPhoneSimulator.ActiveCfg = Release|Any CPU
		{AADF6424-0B12-49A1-B8C5-8219544F04EB}.Release|iPhoneSimulator.Build.0 = Release|Any CPU
		{AADF6424-0B12-49A1-B8C5-8219544F04EB}.Release|iPhoneSimulator.Deploy.0 = Release|Any CPU
	EndGlobalSection
	GlobalSection(SolutionProperties) = preSolution
		HideSolutionNode = FALSE
	EndGlobalSection
	GlobalSection(ExtensibilityGlobals) = postSolution
		SolutionGuid = {77D5127F-CAD3-4AAB-8FFA-4B6390970C69}
	EndGlobalSection
EndGlobal
